
Microsoft Visual Studio Solution File, Format Version 12.00
# Visual Studio Version 16
VisualStudioVersion = 16.0.28803.352
MinimumVisualStudioVersion = 10.0.40219.1
Project("{F184B08F-C81C-45F6-A57F-5ABD9991F28F}") = "BLLib", "BLLib\BLLib.vbproj", "{1A68261C-C2B7-4CBC-AD3F-7809DD5D3028}"
EndProject
Project("{F184B08F-C81C-45F6-A57F-5ABD9991F28F}") = "BLApp", "BLApp\BLApp.vbproj", "{531BACD3-860C-4F5C-9190-0A72B4B4A778}"
EndProject
Global
	GlobalSection(SolutionConfigurationPlatforms) = preSolution
		Debug|Any CPU = Debug|Any CPU
		Release|Any CPU = Release|Any CPU
	EndGlobalSection
	GlobalSection(ProjectConfigurationPlatforms) = postSolution
		{1A68261C-C2B7-4CBC-AD3F-7809DD5D3028}.Debug|Any CPU.ActiveCfg = Debug|Any CPU
		{1A68261C-C2B7-4CBC-AD3F-7809DD5D3028}.Debug|Any CPU.Build.0 = Debug|Any CPU
		{1A68261C-C2B7-4CBC-AD3F-7809DD5D3028}.Release|Any CPU.ActiveCfg = Release|Any CPU
		{1A68261C-C2B7-4CBC-AD3F-7809DD5D3028}.Release|Any CPU.Build.0 = Release|Any CPU
		{531BACD3-860C-4F5C-9190-0A72B4B4A778}.Debug|Any CPU.ActiveCfg = Debug|Any CPU
		{531BACD3-860C-4F5C-9190-0A72B4B4A778}.Debug|Any CPU.Build.0 = Debug|Any CPU
		{531BACD3-860C-4F5C-9190-0A72B4B4A778}.Release|Any CPU.ActiveCfg = Release|Any CPU
		{531BACD3-860C-4F5C-9190-0A72B4B4A778}.Release|Any CPU.Build.0 = Release|Any CPU
	EndGlobalSection
	GlobalSection(SolutionProperties) = preSolution
		HideSolutionNode = FALSE
	EndGlobalSection
	GlobalSection(ExtensibilityGlobals) = postSolution
		SolutionGuid = {F5F32A8D-CB1F-4F2D-A9B4-B6F3F2A4B647}
	EndGlobalSection
EndGlobal
